// !$*UTF8*$!
{
	archiveVersion = 1;
	classes = {
	};
	objectVersion = 46;
	objects = {

/* Begin PBXBuildFile section */
		006D720419952D00008149E2 /* AVFoundation.framework in Frameworks */ = {isa = PBXBuildFile; fileRef = 006D720219952D00008149E2 /* AVFoundation.framework */; };
		006D720519952D00008149E2 /* CoreMedia.framework in Frameworks */ = {isa = PBXBuildFile; fileRef = 006D720319952D00008149E2 /* CoreMedia.framework */; };
		0091D8F90E81B9330029341E /* OpenGL.framework in Frameworks */ = {isa = PBXBuildFile; fileRef = 0091D8F80E81B9330029341E /* OpenGL.framework */; };
		00B784B30FF439BC000DE1D7 /* Accelerate.framework in Frameworks */ = {isa = PBXBuildFile; fileRef = 00B784AF0FF439BC000DE1D7 /* Accelerate.framework */; };
		00B784B40FF439BC000DE1D7 /* AudioToolbox.framework in Frameworks */ = {isa = PBXBuildFile; fileRef = 00B784B00FF439BC000DE1D7 /* AudioToolbox.framework */; };
		00B784B50FF439BC000DE1D7 /* AudioUnit.framework in Frameworks */ = {isa = PBXBuildFile; fileRef = 00B784B10FF439BC000DE1D7 /* AudioUnit.framework */; };
		00B784B60FF439BC000DE1D7 /* CoreAudio.framework in Frameworks */ = {isa = PBXBuildFile; fileRef = 00B784B20FF439BC000DE1D7 /* CoreAudio.framework */; };
		00B9955A1B128DF400A5C623 /* IOKit.framework in Frameworks */ = {isa = PBXBuildFile; fileRef = 00B995581B128DF400A5C623 /* IOKit.framework */; };
		00B9955B1B128DF400A5C623 /* IOSurface.framework in Frameworks */ = {isa = PBXBuildFile; fileRef = 00B995591B128DF400A5C623 /* IOSurface.framework */; };
		18308C46C7F6488FBD64266F /* ReactionDiffusionCubeMapApp.cpp in Sources */ = {isa = PBXBuildFile; fileRef = 2D5055ED659649B4AB733418 /* ReactionDiffusionCubeMapApp.cpp */; };
		5323E6B20EAFCA74003A9687 /* CoreVideo.framework in Frameworks */ = {isa = PBXBuildFile; fileRef = 5323E6B10EAFCA74003A9687 /* CoreVideo.framework */; };
		61EAC96DD0244D64A69E5198 /* CinderApp.icns in Resources */ = {isa = PBXBuildFile; fileRef = 70B9D1041DC241299490E0AE /* CinderApp.icns */; };
		8D11072F0486CEB800E47090 /* Cocoa.framework in Frameworks */ = {isa = PBXBuildFile; fileRef = 1058C7A1FEA54F0111CA2CBB /* Cocoa.framework */; };
		9AC3C769B50943469B87D231 /* GeomEater.cpp in Sources */ = {isa = PBXBuildFile; fileRef = 4C2BE32B97124DF98D89A114 /* GeomEater.cpp */; };
		C47EF9CC9A9A422DAB1E088A /* MeshHelpers.cpp in Sources */ = {isa = PBXBuildFile; fileRef = D533EA0BAF3F44B1BF152219 /* MeshHelpers.cpp */; };
		CF2D8F5038024DF78467F7CD /* CoreMath.cpp in Sources */ = {isa = PBXBuildFile; fileRef = A569DB3401EF4ADAB3DDF256 /* CoreMath.cpp */; };
		EF19BD231E0AE82000EF88AD /* DoubleFbo.cpp in Sources */ = {isa = PBXBuildFile; fileRef = EF19BD211E0AE82000EF88AD /* DoubleFbo.cpp */; };
		EF7BC5301E1AA0510061ADF9 /* reactionDiffusion_g.glsl in Resources */ = {isa = PBXBuildFile; fileRef = EF7BC52E1E1AA0510061ADF9 /* reactionDiffusion_g.glsl */; };
		EF7BC5311E1AA0510061ADF9 /* reactionDiffusion_v.glsl in Resources */ = {isa = PBXBuildFile; fileRef = EF7BC52F1E1AA0510061ADF9 /* reactionDiffusion_v.glsl */; };
		EF7BC5341E1F26F30061ADF9 /* FboCubeMapLayered.cpp in Sources */ = {isa = PBXBuildFile; fileRef = EF7BC5321E1F26F30061ADF9 /* FboCubeMapLayered.cpp */; };
		EF7E4EDA1DFDBD7C00AE6B47 /* Mesh.cpp in Sources */ = {isa = PBXBuildFile; fileRef = EF7E4ECF1DFDBD7C00AE6B47 /* Mesh.cpp */; };
		EF7E4EDB1DFDBD7C00AE6B47 /* MeshBuilds.cpp in Sources */ = {isa = PBXBuildFile; fileRef = EF7E4ED11DFDBD7C00AE6B47 /* MeshBuilds.cpp */; };
		EF7E4EDC1DFDBD7C00AE6B47 /* MeshGroup.cpp in Sources */ = {isa = PBXBuildFile; fileRef = EF7E4ED31DFDBD7C00AE6B47 /* MeshGroup.cpp */; };
		EF7E4EDD1DFDBD7C00AE6B47 /* Vertex.cpp in Sources */ = {isa = PBXBuildFile; fileRef = EF7E4ED61DFDBD7C00AE6B47 /* Vertex.cpp */; };
		EF7E4EE21DFDBE9400AE6B47 /* reactionDiffusion_f.glsl in Resources */ = {isa = PBXBuildFile; fileRef = EF7E4EDE1DFDBE9400AE6B47 /* reactionDiffusion_f.glsl */; };
		EF7E4EE41DFDBE9400AE6B47 /* renderGrid_f.glsl in Resources */ = {isa = PBXBuildFile; fileRef = EF7E4EE01DFDBE9400AE6B47 /* renderGrid_f.glsl */; };
		EF7E4EE51DFDBE9400AE6B47 /* renderGrid_v.glsl in Resources */ = {isa = PBXBuildFile; fileRef = EF7E4EE11DFDBE9400AE6B47 /* renderGrid_v.glsl */; };
/* End PBXBuildFile section */

/* Begin PBXFileReference section */
		006D720219952D00008149E2 /* AVFoundation.framework */ = {isa = PBXFileReference; lastKnownFileType = wrapper.framework; name = AVFoundation.framework; path = System/Library/Frameworks/AVFoundation.framework; sourceTree = SDKROOT; };
		006D720319952D00008149E2 /* CoreMedia.framework */ = {isa = PBXFileReference; lastKnownFileType = wrapper.framework; name = CoreMedia.framework; path = System/Library/Frameworks/CoreMedia.framework; sourceTree = SDKROOT; };
		0091D8F80E81B9330029341E /* OpenGL.framework */ = {isa = PBXFileReference; lastKnownFileType = wrapper.framework; name = OpenGL.framework; path = /System/Library/Frameworks/OpenGL.framework; sourceTree = "<absolute>"; };
		00B784AF0FF439BC000DE1D7 /* Accelerate.framework */ = {isa = PBXFileReference; lastKnownFileType = wrapper.framework; name = Accelerate.framework; path = System/Library/Frameworks/Accelerate.framework; sourceTree = SDKROOT; };
		00B784B00FF439BC000DE1D7 /* AudioToolbox.framework */ = {isa = PBXFileReference; lastKnownFileType = wrapper.framework; name = AudioToolbox.framework; path = System/Library/Frameworks/AudioToolbox.framework; sourceTree = SDKROOT; };
		00B784B10FF439BC000DE1D7 /* AudioUnit.framework */ = {isa = PBXFileReference; lastKnownFileType = wrapper.framework; name = AudioUnit.framework; path = System/Library/Frameworks/AudioUnit.framework; sourceTree = SDKROOT; };
		00B784B20FF439BC000DE1D7 /* CoreAudio.framework */ = {isa = PBXFileReference; lastKnownFileType = wrapper.framework; name = CoreAudio.framework; path = System/Library/Frameworks/CoreAudio.framework; sourceTree = SDKROOT; };
		00B995581B128DF400A5C623 /* IOKit.framework */ = {isa = PBXFileReference; lastKnownFileType = wrapper.framework; name = IOKit.framework; path = System/Library/Frameworks/IOKit.framework; sourceTree = SDKROOT; };
		00B995591B128DF400A5C623 /* IOSurface.framework */ = {isa = PBXFileReference; lastKnownFileType = wrapper.framework; name = IOSurface.framework; path = System/Library/Frameworks/IOSurface.framework; sourceTree = SDKROOT; };
		1058C7A1FEA54F0111CA2CBB /* Cocoa.framework */ = {isa = PBXFileReference; lastKnownFileType = wrapper.framework; name = Cocoa.framework; path = /System/Library/Frameworks/Cocoa.framework; sourceTree = "<absolute>"; };
		29B97324FDCFA39411CA2CEA /* AppKit.framework */ = {isa = PBXFileReference; lastKnownFileType = wrapper.framework; name = AppKit.framework; path = /System/Library/Frameworks/AppKit.framework; sourceTree = "<absolute>"; };
		29B97325FDCFA39411CA2CEA /* Foundation.framework */ = {isa = PBXFileReference; lastKnownFileType = wrapper.framework; name = Foundation.framework; path = /System/Library/Frameworks/Foundation.framework; sourceTree = "<absolute>"; };
		2D5055ED659649B4AB733418 /* ReactionDiffusionCubeMapApp.cpp */ = {isa = PBXFileReference; lastKnownFileType = sourcecode.c.cpp; name = ReactionDiffusionCubeMapApp.cpp; path = ../src/ReactionDiffusionCubeMapApp.cpp; sourceTree = "<group>"; };
		46A774CACE13470A8D6158FE /* Node.hpp */ = {isa = PBXFileReference; lastKnownFileType = "\"\""; name = Node.hpp; path = "../../../../Code/cinder/blocks/core-util/Node.hpp"; sourceTree = "<group>"; };
		4C2BE32B97124DF98D89A114 /* GeomEater.cpp */ = {isa = PBXFileReference; lastKnownFileType = sourcecode.c.cpp; name = GeomEater.cpp; path = "../../../../Code/cinder/blocks/core-util/GeomEater.cpp"; sourceTree = "<group>"; };
		5323E6B10EAFCA74003A9687 /* CoreVideo.framework */ = {isa = PBXFileReference; lastKnownFileType = wrapper.framework; name = CoreVideo.framework; path = /System/Library/Frameworks/CoreVideo.framework; sourceTree = "<absolute>"; };
		70B9D1041DC241299490E0AE /* CinderApp.icns */ = {isa = PBXFileReference; lastKnownFileType = image.icns; name = CinderApp.icns; path = ../resources/CinderApp.icns; sourceTree = "<group>"; };
		7B2523B5E0C747B29105BDDE /* ReactionDiffusionCubeMap_Prefix.pch */ = {isa = PBXFileReference; lastKnownFileType = "\"\""; path = ReactionDiffusionCubeMap_Prefix.pch; sourceTree = "<group>"; };
		86858DF6CAD143D2AC68A5AF /* Info.plist */ = {isa = PBXFileReference; lastKnownFileType = text.plist.xml; path = Info.plist; sourceTree = "<group>"; };
		8C81700BE4A04EBD8646029B /* Item.hpp */ = {isa = PBXFileReference; lastKnownFileType = "\"\""; name = Item.hpp; path = "../../../../Code/cinder/blocks/core-util/Item.hpp"; sourceTree = "<group>"; };
		8D1107320486CEB800E47090 /* ReactionDiffusionCubeMap.app */ = {isa = PBXFileReference; explicitFileType = wrapper.application; includeInIndex = 0; path = ReactionDiffusionCubeMap.app; sourceTree = BUILT_PRODUCTS_DIR; };
		A1A215E3F0AD4A2886414D96 /* NoiseWalker.hpp */ = {isa = PBXFileReference; lastKnownFileType = "\"\""; name = NoiseWalker.hpp; path = "../../../../Code/cinder/blocks/core-util/NoiseWalker.hpp"; sourceTree = "<group>"; };
		A569DB3401EF4ADAB3DDF256 /* CoreMath.cpp */ = {isa = PBXFileReference; lastKnownFileType = sourcecode.c.cpp; name = CoreMath.cpp; path = "../../../../Code/cinder/blocks/core-util/CoreMath.cpp"; sourceTree = "<group>"; };
		C140E45669AC497DBBD707DA /* MeshHelpers.h */ = {isa = PBXFileReference; lastKnownFileType = sourcecode.c.h; name = MeshHelpers.h; path = "../../../../Code/cinder/blocks/core-util/MeshHelpers.h"; sourceTree = "<group>"; };
		C1F86EEE489C4894B25B6996 /* Gradient.hpp */ = {isa = PBXFileReference; lastKnownFileType = "\"\""; name = Gradient.hpp; path = "../../../../Code/cinder/blocks/core-util/Gradient.hpp"; sourceTree = "<group>"; };
		D0CC7BB0C40148329629F3C5 /* CoreMath.h */ = {isa = PBXFileReference; lastKnownFileType = sourcecode.c.h; name = CoreMath.h; path = "../../../../Code/cinder/blocks/core-util/CoreMath.h"; sourceTree = "<group>"; };
		D533EA0BAF3F44B1BF152219 /* MeshHelpers.cpp */ = {isa = PBXFileReference; lastKnownFileType = sourcecode.c.cpp; name = MeshHelpers.cpp; path = "../../../../Code/cinder/blocks/core-util/MeshHelpers.cpp"; sourceTree = "<group>"; };
		D7DB8DB7964249F6893BD7E5 /* Resources.h */ = {isa = PBXFileReference; lastKnownFileType = sourcecode.c.h; name = Resources.h; path = ../include/Resources.h; sourceTree = "<group>"; };
		EF19BD211E0AE82000EF88AD /* DoubleFbo.cpp */ = {isa = PBXFileReference; fileEncoding = 4; lastKnownFileType = sourcecode.cpp.cpp; name = DoubleFbo.cpp; path = "../../../cinder/blocks/core-util/DoubleFbo.cpp"; sourceTree = "<group>"; };
		EF19BD221E0AE82000EF88AD /* DoubleFbo.h */ = {isa = PBXFileReference; fileEncoding = 4; lastKnownFileType = sourcecode.c.h; name = DoubleFbo.h; path = "../../../cinder/blocks/core-util/DoubleFbo.h"; sourceTree = "<group>"; };
		EF7BC52E1E1AA0510061ADF9 /* reactionDiffusion_g.glsl */ = {isa = PBXFileReference; fileEncoding = 4; lastKnownFileType = text; path = reactionDiffusion_g.glsl; sourceTree = "<group>"; };
		EF7BC52F1E1AA0510061ADF9 /* reactionDiffusion_v.glsl */ = {isa = PBXFileReference; fileEncoding = 4; lastKnownFileType = text; path = reactionDiffusion_v.glsl; sourceTree = "<group>"; };
		EF7BC5321E1F26F30061ADF9 /* FboCubeMapLayered.cpp */ = {isa = PBXFileReference; fileEncoding = 4; lastKnownFileType = sourcecode.cpp.cpp; name = FboCubeMapLayered.cpp; path = "../../../cinder/blocks/core-util/FboCubeMapLayered.cpp"; sourceTree = "<group>"; };
		EF7BC5331E1F26F30061ADF9 /* FboCubeMapLayered.h */ = {isa = PBXFileReference; fileEncoding = 4; lastKnownFileType = sourcecode.c.h; name = FboCubeMapLayered.h; path = "../../../cinder/blocks/core-util/FboCubeMapLayered.h"; sourceTree = "<group>"; };
		EF7E4ECC1DFDBD7C00AE6B47 /* buildmesh.h */ = {isa = PBXFileReference; fileEncoding = 4; lastKnownFileType = sourcecode.c.h; path = buildmesh.h; sourceTree = "<group>"; };
		EF7E4ECE1DFDBD7C00AE6B47 /* MathBase.h */ = {isa = PBXFileReference; fileEncoding = 4; lastKnownFileType = sourcecode.c.h; path = MathBase.h; sourceTree = "<group>"; };
		EF7E4ECF1DFDBD7C00AE6B47 /* Mesh.cpp */ = {isa = PBXFileReference; fileEncoding = 4; lastKnownFileType = sourcecode.cpp.cpp; path = Mesh.cpp; sourceTree = "<group>"; };
		EF7E4ED01DFDBD7C00AE6B47 /* Mesh.h */ = {isa = PBXFileReference; fileEncoding = 4; lastKnownFileType = sourcecode.c.h; path = Mesh.h; sourceTree = "<group>"; };
		EF7E4ED11DFDBD7C00AE6B47 /* MeshBuilds.cpp */ = {isa = PBXFileReference; fileEncoding = 4; lastKnownFileType = sourcecode.cpp.cpp; path = MeshBuilds.cpp; sourceTree = "<group>"; };
		EF7E4ED21DFDBD7C00AE6B47 /* MeshBuilds.h */ = {isa = PBXFileReference; fileEncoding = 4; lastKnownFileType = sourcecode.c.h; path = MeshBuilds.h; sourceTree = "<group>"; };
		EF7E4ED31DFDBD7C00AE6B47 /* MeshGroup.cpp */ = {isa = PBXFileReference; fileEncoding = 4; lastKnownFileType = sourcecode.cpp.cpp; path = MeshGroup.cpp; sourceTree = "<group>"; };
		EF7E4ED41DFDBD7C00AE6B47 /* MeshGroup.h */ = {isa = PBXFileReference; fileEncoding = 4; lastKnownFileType = sourcecode.c.h; path = MeshGroup.h; sourceTree = "<group>"; };
		EF7E4ED61DFDBD7C00AE6B47 /* Vertex.cpp */ = {isa = PBXFileReference; fileEncoding = 4; lastKnownFileType = sourcecode.cpp.cpp; path = Vertex.cpp; sourceTree = "<group>"; };
		EF7E4ED71DFDBD7C00AE6B47 /* Vertex.h */ = {isa = PBXFileReference; fileEncoding = 4; lastKnownFileType = sourcecode.c.h; path = Vertex.h; sourceTree = "<group>"; };
		EF7E4EDE1DFDBE9400AE6B47 /* reactionDiffusion_f.glsl */ = {isa = PBXFileReference; fileEncoding = 4; lastKnownFileType = text; path = reactionDiffusion_f.glsl; sourceTree = "<group>"; };
		EF7E4EE01DFDBE9400AE6B47 /* renderGrid_f.glsl */ = {isa = PBXFileReference; fileEncoding = 4; lastKnownFileType = text; path = renderGrid_f.glsl; sourceTree = "<group>"; };
		EF7E4EE11DFDBE9400AE6B47 /* renderGrid_v.glsl */ = {isa = PBXFileReference; fileEncoding = 4; lastKnownFileType = text; path = renderGrid_v.glsl; sourceTree = "<group>"; };
		F84357BFA8D24973AE5D2A20 /* GeomEater.h */ = {isa = PBXFileReference; lastKnownFileType = sourcecode.c.h; name = GeomEater.h; path = "../../../../Code/cinder/blocks/core-util/GeomEater.h"; sourceTree = "<group>"; };
/* End PBXFileReference section */

/* Begin PBXFrameworksBuildPhase section */
		8D11072E0486CEB800E47090 /* Frameworks */ = {
			isa = PBXFrameworksBuildPhase;
			buildActionMask = 2147483647;
			files = (
				006D720419952D00008149E2 /* AVFoundation.framework in Frameworks */,
				006D720519952D00008149E2 /* CoreMedia.framework in Frameworks */,
				8D11072F0486CEB800E47090 /* Cocoa.framework in Frameworks */,
				0091D8F90E81B9330029341E /* OpenGL.framework in Frameworks */,
				5323E6B20EAFCA74003A9687 /* CoreVideo.framework in Frameworks */,
				00B784B30FF439BC000DE1D7 /* Accelerate.framework in Frameworks */,
				00B784B40FF439BC000DE1D7 /* AudioToolbox.framework in Frameworks */,
				00B784B50FF439BC000DE1D7 /* AudioUnit.framework in Frameworks */,
				00B784B60FF439BC000DE1D7 /* CoreAudio.framework in Frameworks */,
				00B9955A1B128DF400A5C623 /* IOKit.framework in Frameworks */,
				00B9955B1B128DF400A5C623 /* IOSurface.framework in Frameworks */,
			);
			runOnlyForDeploymentPostprocessing = 0;
		};
/* End PBXFrameworksBuildPhase section */

/* Begin PBXGroup section */
		01B97315FEAEA392516A2CEA /* Blocks */ = {
			isa = PBXGroup;
			children = (
				EF7E4EC91DFDBD7C00AE6B47 /* buildmesh */,
				BB480A83CF864399952EF5CD /* core-util */,
			);
			name = Blocks;
			sourceTree = "<group>";
		};
		080E96DDFE201D6D7F000001 /* Source */ = {
			isa = PBXGroup;
			children = (
				2D5055ED659649B4AB733418 /* ReactionDiffusionCubeMapApp.cpp */,
			);
			name = Source;
			sourceTree = "<group>";
		};
		1058C7A0FEA54F0111CA2CBB /* Linked Frameworks */ = {
			isa = PBXGroup;
			children = (
				006D720219952D00008149E2 /* AVFoundation.framework */,
				006D720319952D00008149E2 /* CoreMedia.framework */,
				00B784AF0FF439BC000DE1D7 /* Accelerate.framework */,
				00B784B00FF439BC000DE1D7 /* AudioToolbox.framework */,
				00B784B10FF439BC000DE1D7 /* AudioUnit.framework */,
				00B784B20FF439BC000DE1D7 /* CoreAudio.framework */,
				5323E6B10EAFCA74003A9687 /* CoreVideo.framework */,
				0091D8F80E81B9330029341E /* OpenGL.framework */,
				1058C7A1FEA54F0111CA2CBB /* Cocoa.framework */,
				00B995581B128DF400A5C623 /* IOKit.framework */,
				00B995591B128DF400A5C623 /* IOSurface.framework */,
			);
			name = "Linked Frameworks";
			sourceTree = "<group>";
		};
		1058C7A2FEA54F0111CA2CBB /* Other Frameworks */ = {
			isa = PBXGroup;
			children = (
				29B97324FDCFA39411CA2CEA /* AppKit.framework */,
				29B97325FDCFA39411CA2CEA /* Foundation.framework */,
			);
			name = "Other Frameworks";
			sourceTree = "<group>";
		};
		19C28FACFE9D520D11CA2CBB /* Products */ = {
			isa = PBXGroup;
			children = (
				8D1107320486CEB800E47090 /* ReactionDiffusionCubeMap.app */,
			);
			name = Products;
			sourceTree = "<group>";
		};
		29B97314FDCFA39411CA2CEA /* ReactionDiffusionCubeMap */ = {
			isa = PBXGroup;
			children = (
				EF7E4EBA1DFDBD1500AE6B47 /* assets */,
				01B97315FEAEA392516A2CEA /* Blocks */,
				29B97315FDCFA39411CA2CEA /* Headers */,
				080E96DDFE201D6D7F000001 /* Source */,
				29B97317FDCFA39411CA2CEA /* Resources */,
				29B97323FDCFA39411CA2CEA /* Frameworks */,
				19C28FACFE9D520D11CA2CBB /* Products */,
			);
			name = ReactionDiffusionCubeMap;
			sourceTree = "<group>";
		};
		29B97315FDCFA39411CA2CEA /* Headers */ = {
			isa = PBXGroup;
			children = (
				D7DB8DB7964249F6893BD7E5 /* Resources.h */,
				7B2523B5E0C747B29105BDDE /* ReactionDiffusionCubeMap_Prefix.pch */,
			);
			name = Headers;
			sourceTree = "<group>";
		};
		29B97317FDCFA39411CA2CEA /* Resources */ = {
			isa = PBXGroup;
			children = (
				70B9D1041DC241299490E0AE /* CinderApp.icns */,
				86858DF6CAD143D2AC68A5AF /* Info.plist */,
			);
			name = Resources;
			sourceTree = "<group>";
		};
		29B97323FDCFA39411CA2CEA /* Frameworks */ = {
			isa = PBXGroup;
			children = (
				1058C7A0FEA54F0111CA2CBB /* Linked Frameworks */,
				1058C7A2FEA54F0111CA2CBB /* Other Frameworks */,
			);
			name = Frameworks;
			sourceTree = "<group>";
		};
		BB480A83CF864399952EF5CD /* core-util */ = {
			isa = PBXGroup;
			children = (
				EF7BC5321E1F26F30061ADF9 /* FboCubeMapLayered.cpp */,
				EF7BC5331E1F26F30061ADF9 /* FboCubeMapLayered.h */,
				EF19BD211E0AE82000EF88AD /* DoubleFbo.cpp */,
				EF19BD221E0AE82000EF88AD /* DoubleFbo.h */,
				D0CC7BB0C40148329629F3C5 /* CoreMath.h */,
				A569DB3401EF4ADAB3DDF256 /* CoreMath.cpp */,
				F84357BFA8D24973AE5D2A20 /* GeomEater.h */,
				4C2BE32B97124DF98D89A114 /* GeomEater.cpp */,
				C1F86EEE489C4894B25B6996 /* Gradient.hpp */,
				8C81700BE4A04EBD8646029B /* Item.hpp */,
				C140E45669AC497DBBD707DA /* MeshHelpers.h */,
				D533EA0BAF3F44B1BF152219 /* MeshHelpers.cpp */,
				46A774CACE13470A8D6158FE /* Node.hpp */,
				A1A215E3F0AD4A2886414D96 /* NoiseWalker.hpp */,
			);
			name = "core-util";
			sourceTree = "<group>";
		};
		EF7E4EBA1DFDBD1500AE6B47 /* assets */ = {
			isa = PBXGroup;
			children = (
				EF7BC52E1E1AA0510061ADF9 /* reactionDiffusion_g.glsl */,
				EF7BC52F1E1AA0510061ADF9 /* reactionDiffusion_v.glsl */,
				EF7E4EDE1DFDBE9400AE6B47 /* reactionDiffusion_f.glsl */,
				EF7E4EE01DFDBE9400AE6B47 /* renderGrid_f.glsl */,
				EF7E4EE11DFDBE9400AE6B47 /* renderGrid_v.glsl */,
			);
			name = assets;
			path = ../assets;
			sourceTree = "<group>";
		};
		EF7E4EC91DFDBD7C00AE6B47 /* buildmesh */ = {
			isa = PBXGroup;
			children = (
				EF7E4ECC1DFDBD7C00AE6B47 /* buildmesh.h */,
				EF7E4ECE1DFDBD7C00AE6B47 /* MathBase.h */,
				EF7E4ECF1DFDBD7C00AE6B47 /* Mesh.cpp */,
				EF7E4ED01DFDBD7C00AE6B47 /* Mesh.h */,
				EF7E4ED11DFDBD7C00AE6B47 /* MeshBuilds.cpp */,
				EF7E4ED21DFDBD7C00AE6B47 /* MeshBuilds.h */,
				EF7E4ED31DFDBD7C00AE6B47 /* MeshGroup.cpp */,
				EF7E4ED41DFDBD7C00AE6B47 /* MeshGroup.h */,
				EF7E4ED61DFDBD7C00AE6B47 /* Vertex.cpp */,
				EF7E4ED71DFDBD7C00AE6B47 /* Vertex.h */,
			);
			name = buildmesh;
			path = ../../../cpp/buildmesh;
			sourceTree = "<group>";
		};
/* End PBXGroup section */

/* Begin PBXNativeTarget section */
		8D1107260486CEB800E47090 /* ReactionDiffusionCubeMap */ = {
			isa = PBXNativeTarget;
			buildConfigurationList = C01FCF4A08A954540054247B /* Build configuration list for PBXNativeTarget "ReactionDiffusionCubeMap" */;
			buildPhases = (
				8D1107290486CEB800E47090 /* Resources */,
				8D11072C0486CEB800E47090 /* Sources */,
				8D11072E0486CEB800E47090 /* Frameworks */,
			);
			buildRules = (
			);
			dependencies = (
			);
			name = ReactionDiffusionCubeMap;
			productInstallPath = "$(HOME)/Applications";
			productName = ReactionDiffusionCubeMap;
			productReference = 8D1107320486CEB800E47090 /* ReactionDiffusionCubeMap.app */;
			productType = "com.apple.product-type.application";
		};
/* End PBXNativeTarget section */

/* Begin PBXProject section */
		29B97313FDCFA39411CA2CEA /* Project object */ = {
			isa = PBXProject;
			attributes = {
			};
			buildConfigurationList = C01FCF4E08A954540054247B /* Build configuration list for PBXProject "ReactionDiffusionCubeMap" */;
			compatibilityVersion = "Xcode 3.2";
			developmentRegion = English;
			hasScannedForEncodings = 1;
			knownRegions = (
				English,
				Japanese,
				French,
				German,
			);
			mainGroup = 29B97314FDCFA39411CA2CEA /* ReactionDiffusionCubeMap */;
			projectDirPath = "";
			projectRoot = "";
			targets = (
				8D1107260486CEB800E47090 /* ReactionDiffusionCubeMap */,
			);
		};
/* End PBXProject section */

/* Begin PBXResourcesBuildPhase section */
		8D1107290486CEB800E47090 /* Resources */ = {
			isa = PBXResourcesBuildPhase;
			buildActionMask = 2147483647;
			files = (
				EF7BC5301E1AA0510061ADF9 /* reactionDiffusion_g.glsl in Resources */,
				EF7E4EE41DFDBE9400AE6B47 /* renderGrid_f.glsl in Resources */,
				61EAC96DD0244D64A69E5198 /* CinderApp.icns in Resources */,
				EF7E4EE21DFDBE9400AE6B47 /* reactionDiffusion_f.glsl in Resources */,
				EF7BC5311E1AA0510061ADF9 /* reactionDiffusion_v.glsl in Resources */,
				EF7E4EE51DFDBE9400AE6B47 /* renderGrid_v.glsl in Resources */,
			);
			runOnlyForDeploymentPostprocessing = 0;
		};
/* End PBXResourcesBuildPhase section */

/* Begin PBXSourcesBuildPhase section */
		8D11072C0486CEB800E47090 /* Sources */ = {
			isa = PBXSourcesBuildPhase;
			buildActionMask = 2147483647;
			files = (
				18308C46C7F6488FBD64266F /* ReactionDiffusionCubeMapApp.cpp in Sources */,
				EF7E4EDB1DFDBD7C00AE6B47 /* MeshBuilds.cpp in Sources */,
				EF7BC5341E1F26F30061ADF9 /* FboCubeMapLayered.cpp in Sources */,
				CF2D8F5038024DF78467F7CD /* CoreMath.cpp in Sources */,
				EF19BD231E0AE82000EF88AD /* DoubleFbo.cpp in Sources */,
				9AC3C769B50943469B87D231 /* GeomEater.cpp in Sources */,
				EF7E4EDA1DFDBD7C00AE6B47 /* Mesh.cpp in Sources */,
				EF7E4EDC1DFDBD7C00AE6B47 /* MeshGroup.cpp in Sources */,
				C47EF9CC9A9A422DAB1E088A /* MeshHelpers.cpp in Sources */,
				EF7E4EDD1DFDBD7C00AE6B47 /* Vertex.cpp in Sources */,
			);
			runOnlyForDeploymentPostprocessing = 0;
		};
/* End PBXSourcesBuildPhase section */

/* Begin XCBuildConfiguration section */
		C01FCF4B08A954540054247B /* Debug */ = {
			isa = XCBuildConfiguration;
			buildSettings = {
				COMBINE_HIDPI_IMAGES = YES;
				COPY_PHASE_STRIP = NO;
				DEAD_CODE_STRIPPING = YES;
				GCC_DYNAMIC_NO_PIC = NO;
				GCC_INLINES_ARE_PRIVATE_EXTERN = YES;
				GCC_OPTIMIZATION_LEVEL = 0;
				GCC_PRECOMPILE_PREFIX_HEADER = YES;
				GCC_PREFIX_HEADER = ReactionDiffusionCubeMap_Prefix.pch;
				GCC_PREPROCESSOR_DEFINITIONS = (
					"DEBUG=1",
					"$(inherited)",
				);
				GCC_SYMBOLS_PRIVATE_EXTERN = NO;
				INFOPLIST_FILE = Info.plist;
				INSTALL_PATH = "$(HOME)/Applications";
				OTHER_LDFLAGS = "\"$(CINDER_PATH)/lib/macosx/$(CONFIGURATION)/libcinder.a\"";
				PRODUCT_BUNDLE_IDENTIFIER = "org.libcinder.${PRODUCT_NAME:rfc1034identifier}";
				PRODUCT_NAME = ReactionDiffusionCubeMap;
				SYMROOT = ./build;
				WRAPPER_EXTENSION = app;
			};
			name = Debug;
		};
		C01FCF4C08A954540054247B /* Release */ = {
			isa = XCBuildConfiguration;
			buildSettings = {
				COMBINE_HIDPI_IMAGES = YES;
				DEAD_CODE_STRIPPING = YES;
				DEBUG_INFORMATION_FORMAT = "dwarf-with-dsym";
				GCC_FAST_MATH = YES;
				GCC_GENERATE_DEBUGGING_SYMBOLS = NO;
				GCC_INLINES_ARE_PRIVATE_EXTERN = YES;
				GCC_OPTIMIZATION_LEVEL = 3;
				GCC_PRECOMPILE_PREFIX_HEADER = YES;
				GCC_PREFIX_HEADER = ReactionDiffusionCubeMap_Prefix.pch;
				GCC_PREPROCESSOR_DEFINITIONS = (
					"NDEBUG=1",
					"$(inherited)",
				);
				GCC_SYMBOLS_PRIVATE_EXTERN = NO;
				INFOPLIST_FILE = Info.plist;
				INSTALL_PATH = "$(HOME)/Applications";
				OTHER_LDFLAGS = "\"$(CINDER_PATH)/lib/macosx/$(CONFIGURATION)/libcinder.a\"";
				PRODUCT_BUNDLE_IDENTIFIER = "org.libcinder.${PRODUCT_NAME:rfc1034identifier}";
				PRODUCT_NAME = ReactionDiffusionCubeMap;
				STRIP_INSTALLED_PRODUCT = YES;
				SYMROOT = ./build;
				WRAPPER_EXTENSION = app;
			};
			name = Release;
		};
		C01FCF4F08A954540054247B /* Debug */ = {
			isa = XCBuildConfiguration;
			buildSettings = {
				ALWAYS_SEARCH_USER_PATHS = NO;
				CINDER_PATH = ../../../../Code/cinder;
				CLANG_CXX_LANGUAGE_STANDARD = "c++11";
				CLANG_CXX_LIBRARY = "libc++";
				ENABLE_TESTABILITY = YES;
				GCC_WARN_ABOUT_RETURN_TYPE = YES;
				GCC_WARN_UNUSED_VARIABLE = YES;
				HEADER_SEARCH_PATHS = "\"$(CINDER_PATH)/include\"";
				MACOSX_DEPLOYMENT_TARGET = 10.8;
				ONLY_ACTIVE_ARCH = YES;
				SDKROOT = macosx;
				USER_HEADER_SEARCH_PATHS = "\"$(CINDER_PATH)/include\" ../include";
			};
			name = Debug;
		};
		C01FCF5008A954540054247B /* Release */ = {
			isa = XCBuildConfiguration;
			buildSettings = {
				ALWAYS_SEARCH_USER_PATHS = NO;
				CINDER_PATH = ../../../../Code/cinder;
				CLANG_CXX_LANGUAGE_STANDARD = "c++11";
				CLANG_CXX_LIBRARY = "libc++";
				GCC_WARN_ABOUT_RETURN_TYPE = YES;
				GCC_WARN_UNUSED_VARIABLE = YES;
				HEADER_SEARCH_PATHS = "\"$(CINDER_PATH)/include\"";
				MACOSX_DEPLOYMENT_TARGET = 10.8;
				SDKROOT = macosx;
				USER_HEADER_SEARCH_PATHS = "\"$(CINDER_PATH)/include\" ../include";
			};
			name = Release;
		};
/* End XCBuildConfiguration section */

/* Begin XCConfigurationList section */
		C01FCF4A08A954540054247B /* Build configuration list for PBXNativeTarget "ReactionDiffusionCubeMap" */ = {
			isa = XCConfigurationList;
			buildConfigurations = (
				C01FCF4B08A954540054247B /* Debug */,
				C01FCF4C08A954540054247B /* Release */,
			);
			defaultConfigurationIsVisible = 0;
			defaultConfigurationName = Release;
		};
		C01FCF4E08A954540054247B /* Build configuration list for PBXProject "ReactionDiffusionCubeMap" */ = {
			isa = XCConfigurationList;
			buildConfigurations = (
				C01FCF4F08A954540054247B /* Debug */,
				C01FCF5008A954540054247B /* Release */,
			);
			defaultConfigurationIsVisible = 0;
			defaultConfigurationName = Release;
		};
/* End XCConfigurationList section */
	};
	rootObject = 29B97313FDCFA39411CA2CEA /* Project object */;
}
